
Microsoft Visual Studio Solution File, Format Version 12.00
# Visual Studio Version 16
VisualStudioVersion = 16.0.34031.81
MinimumVisualStudioVersion = 10.0.40219.1
Project("{2150E333-8FDC-42A3-9474-1A3956D46DE8}") = "Task0", "Task0", "{E8826594-4347-475E-964C-060BFCDD7D99}"
EndProject
Project("{FAE04EC0-301F-11D3-BF4B-00C04F79EFBC}") = "Tyuiu.SolievAH.Sprint5.Task0.V4", "Tyuiu.SolievAH.Sprint5.Task0.V4\Tyuiu.SolievAH.Sprint5.Task0.V4.csproj", "{4CB4EE9C-5D05-4CE2-A516-676C06962D2E}"
EndProject
Project("{FAE04EC0-301F-11D3-BF4B-00C04F79EFBC}") = "Tyuiu.SolievAH.Sprint5.Task0.V4.Lib", "Tyuiu.SolievAH.Sprint5.Task0.V4.Lib\Tyuiu.SolievAH.Sprint5.Task0.V4.Lib.csproj", "{E37C09CC-163D-4CEC-BDEF-5615BCE7BD17}"
EndProject
Project("{FAE04EC0-301F-11D3-BF4B-00C04F79EFBC}") = "Tyuiu.SolievAH.Sprint5.Task0.V4.Test", "Tyuiu.SolievAH.Sprint5.Task0.V4.Test\Tyuiu.SolievAH.Sprint5.Task0.V4.Test.csproj", "{94D3F7AD-3895-4F1E-9014-F63FCE180F67}"
EndProject
Project("{2150E333-8FDC-42A3-9474-1A3956D46DE8}") = "Task1", "Task1", "{CB166086-BBF5-4ED2-A516-3ADD9968BF15}"
EndProject
Project("{FAE04EC0-301F-11D3-BF4B-00C04F79EFBC}") = "Tyuiu.SolievAH.Sprint5.Task1.V10", "Tyuiu.SolievAH.Sprint5.Task1.V10\Tyuiu.SolievAH.Sprint5.Task1.V10.csproj", "{40A9BE1A-2D95-499F-8D9B-9521523379CD}"
EndProject
Project("{FAE04EC0-301F-11D3-BF4B-00C04F79EFBC}") = "Tyuiu.SolievAH.Sprint5.Task1.V10.Lib", "Tyuiu.SolievAH.Sprint5.Task1.V10.Lib\Tyuiu.SolievAH.Sprint5.Task1.V10.Lib.csproj", "{FE5F59A2-9999-4C33-A9A3-60FF708A79F9}"
EndProject
Project("{FAE04EC0-301F-11D3-BF4B-00C04F79EFBC}") = "Tyuiu.SolievAH.Sprint5.Task1.V10.Test", "Tyuiu.SolievAH.Sprint5.Task1.V10.Test\Tyuiu.SolievAH.Sprint5.Task1.V10.Test.csproj", "{7B20AF1F-CC88-4860-9C5C-7EE9633D6C91}"
EndProject
Project("{2150E333-8FDC-42A3-9474-1A3956D46DE8}") = "Task2", "Task2", "{E661A3D6-0216-4094-828B-5CF94218C8EA}"
EndProject
Project("{2150E333-8FDC-42A3-9474-1A3956D46DE8}") = "Task3", "Task3", "{3AB0AED5-0ED5-42C2-869A-3808467E1880}"
EndProject
Project("{2150E333-8FDC-42A3-9474-1A3956D46DE8}") = "Task4", "Task4", "{8F694089-EC1E-4431-A796-E1296E858A8D}"
EndProject
Project("{2150E333-8FDC-42A3-9474-1A3956D46DE8}") = "Task5", "Task5", "{D69A3A3F-A07F-4226-AA9E-CDFF5E3B28E5}"
EndProject
Project("{FAE04EC0-301F-11D3-BF4B-00C04F79EFBC}") = "Tyuiu.SolievAH.Sprint5.Task2.V15", "Tyuiu.SolievAH.Sprint5.Task2.V15\Tyuiu.SolievAH.Sprint5.Task2.V15.csproj", "{91FA489B-2E47-4E41-AB9B-9BF020BFCB72}"
EndProject
Project("{FAE04EC0-301F-11D3-BF4B-00C04F79EFBC}") = "Tyuiu.SolievAH.Sprint5.Task2.V15.Test", "Tyuiu.SolievAH.Sprint5.Task2.V15.Test\Tyuiu.SolievAH.Sprint5.Task2.V15.Test.csproj", "{B8A2C186-6F3D-4260-AA17-9D7EBD1354AF}"
EndProject
Project("{FAE04EC0-301F-11D3-BF4B-00C04F79EFBC}") = "Tyuiu.SolievAH.Sprint5.Task2.V15.Lib", "Tyuiu.SolievAH.Sprint5.Task2.V15.Lib\Tyuiu.SolievAH.Sprint5.Task2.V15.Lib.csproj", "{014C4602-AF2C-43BC-A9EF-2C3E8565F556}"
EndProject
Project("{FAE04EC0-301F-11D3-BF4B-00C04F79EFBC}") = "Tyuiu.SolievAH.Sprint5.Task3.V11", "Tyuiu.SolievAH.Sprint5.Task3.V11\Tyuiu.SolievAH.Sprint5.Task3.V11.csproj", "{59BC30B0-82A3-48B2-9A62-6558664E1D57}"
EndProject
Project("{FAE04EC0-301F-11D3-BF4B-00C04F79EFBC}") = "Tyuiu.SolievAH.Sprint5.Task3.V11.Lib", "Tyuiu.SolievAH.Sprint5.Task3.V11.Lib\Tyuiu.SolievAH.Sprint5.Task3.V11.Lib.csproj", "{728DD963-1AD9-4A77-826C-A7CE67075D57}"
EndProject
Project("{FAE04EC0-301F-11D3-BF4B-00C04F79EFBC}") = "Tyuiu.SolievAH.Sprint5.Task3.V11.Test", "Tyuiu.SolievAH.Sprint5.Task3.V11.Test\Tyuiu.SolievAH.Sprint5.Task3.V11.Test.csproj", "{E3F0EFD4-4E64-470B-AE6C-F4C4C7ED2BE3}"
EndProject
Project("{FAE04EC0-301F-11D3-BF4B-00C04F79EFBC}") = "Tyuiu.SolievAH.Sprint5.Task4.V20", "Tyuiu.SolievAH.Sprint5.Task4.V20\Tyuiu.SolievAH.Sprint5.Task4.V20.csproj", "{EE4ACFA0-5FD3-4CA1-BF99-B652BC44F6B5}"
EndProject
Project("{FAE04EC0-301F-11D3-BF4B-00C04F79EFBC}") = "Tyuiu.SolievAH.Sprint5.Task4.V20.Lib", "Tyuiu.SolievAH.Sprint5.Task4.V20.Lib\Tyuiu.SolievAH.Sprint5.Task4.V20.Lib.csproj", "{3C0A3A66-84B8-4FBD-B0B4-631156E47453}"
EndProject
Project("{FAE04EC0-301F-11D3-BF4B-00C04F79EFBC}") = "Tyuiu.SolievAH.Sprint5.Task4.V20.Test", "Tyuiu.SolievAH.Sprint5.Task4.V20.Test\Tyuiu.SolievAH.Sprint5.Task4.V20.Test.csproj", "{A108F9A2-BCAF-41E8-AB37-EA732213878E}"
EndProject
Project("{FAE04EC0-301F-11D3-BF4B-00C04F79EFBC}") = "Tyuiu.SolievAH.Sprint5.Task5.V3", "Tyuiu.SolievAH.Sprint5.Task5.V3\Tyuiu.SolievAH.Sprint5.Task5.V3.csproj", "{D0738D7A-FA18-42FB-8804-004047D3185F}"
EndProject
Project("{FAE04EC0-301F-11D3-BF4B-00C04F79EFBC}") = "Tyuiu.SolievAH.Sprint5.Task5.V3.Lib", "Tyuiu.SolievAH.Sprint5.Task5.V3.Lib\Tyuiu.SolievAH.Sprint5.Task5.V3.Lib.csproj", "{D18B0781-1230-4A0B-B856-152D3296458B}"
EndProject
Project("{FAE04EC0-301F-11D3-BF4B-00C04F79EFBC}") = "Tyuiu.SolievAH.Sprint5.Task5.V3.Test", "Tyuiu.SolievAH.Sprint5.Task5.V3.Test\Tyuiu.SolievAH.Sprint5.Task5.V3.Test.csproj", "{0046666C-F576-4E97-9585-950E8A039B55}"
EndProject
Project("{2150E333-8FDC-42A3-9474-1A3956D46DE8}") = "Task6", "Task6", "{C9F07ECC-0B41-4FA3-A29E-BBC38604C4F1}"
EndProject
Project("{FAE04EC0-301F-11D3-BF4B-00C04F79EFBC}") = "Tyuiu.SolievAH.Sprint5.Task6.V28", "Tyuiu.SolievAH.Sprint5.Task6.V28\Tyuiu.SolievAH.Sprint5.Task6.V28.csproj", "{03CC15C2-A389-4618-AFC5-BEE81F9FE7AE}"
EndProject
Project("{FAE04EC0-301F-11D3-BF4B-00C04F79EFBC}") = "Tyuiu.SolievAH.Sprint5.Task6.V28.Test", "Tyuiu.SolievAH.Sprint5.Task6.V28.Test\Tyuiu.SolievAH.Sprint5.Task6.V28.Test.csproj", "{81B27C27-6ABA-44C5-B4BD-D12C30395D27}"
EndProject
Project("{FAE04EC0-301F-11D3-BF4B-00C04F79EFBC}") = "Tyuiu.SolievAH.Sprint5.Task6.V28.Lib", "Tyuiu.SolievAH.Sprint5.Task6.V28.Lib\Tyuiu.SolievAH.Sprint5.Task6.V28.Lib.csproj", "{FDB2E2D5-0998-462D-80E0-20C41E44450D}"
EndProject
Global
	GlobalSection(SolutionConfigurationPlatforms) = preSolution
		Debug|Any CPU = Debug|Any CPU
		Release|Any CPU = Release|Any CPU
	EndGlobalSection
	GlobalSection(ProjectConfigurationPlatforms) = postSolution
		{4CB4EE9C-5D05-4CE2-A516-676C06962D2E}.Debug|Any CPU.ActiveCfg = Debug|Any CPU
		{4CB4EE9C-5D05-4CE2-A516-676C06962D2E}.Debug|Any CPU.Build.0 = Debug|Any CPU
		{4CB4EE9C-5D05-4CE2-A516-676C06962D2E}.Release|Any CPU.ActiveCfg = Release|Any CPU
		{4CB4EE9C-5D05-4CE2-A516-676C06962D2E}.Release|Any CPU.Build.0 = Release|Any CPU
		{E37C09CC-163D-4CEC-BDEF-5615BCE7BD17}.Debug|Any CPU.ActiveCfg = Debug|Any CPU
		{E37C09CC-163D-4CEC-BDEF-5615BCE7BD17}.Debug|Any CPU.Build.0 = Debug|Any CPU
		{E37C09CC-163D-4CEC-BDEF-5615BCE7BD17}.Release|Any CPU.ActiveCfg = Release|Any CPU
		{E37C09CC-163D-4CEC-BDEF-5615BCE7BD17}.Release|Any CPU.Build.0 = Release|Any CPU
		{94D3F7AD-3895-4F1E-9014-F63FCE180F67}.Debug|Any CPU.ActiveCfg = Debug|Any CPU
		{94D3F7AD-3895-4F1E-9014-F63FCE180F67}.Debug|Any CPU.Build.0 = Debug|Any CPU
		{94D3F7AD-3895-4F1E-9014-F63FCE180F67}.Release|Any CPU.ActiveCfg = Release|Any CPU
		{94D3F7AD-3895-4F1E-9014-F63FCE180F67}.Release|Any CPU.Build.0 = Release|Any CPU
		{40A9BE1A-2D95-499F-8D9B-9521523379CD}.Debug|Any CPU.ActiveCfg = Debug|Any CPU
		{40A9BE1A-2D95-499F-8D9B-9521523379CD}.Debug|Any CPU.Build.0 = Debug|Any CPU
		{40A9BE1A-2D95-499F-8D9B-9521523379CD}.Release|Any CPU.ActiveCfg = Release|Any CPU
		{40A9BE1A-2D95-499F-8D9B-9521523379CD}.Release|Any CPU.Build.0 = Release|Any CPU
		{FE5F59A2-9999-4C33-A9A3-60FF708A79F9}.Debug|Any CPU.ActiveCfg = Debug|Any CPU
		{FE5F59A2-9999-4C33-A9A3-60FF708A79F9}.Debug|Any CPU.Build.0 = Debug|Any CPU
		{FE5F59A2-9999-4C33-A9A3-60FF708A79F9}.Release|Any CPU.ActiveCfg = Release|Any CPU
		{FE5F59A2-9999-4C33-A9A3-60FF708A79F9}.Release|Any CPU.Build.0 = Release|Any CPU
		{7B20AF1F-CC88-4860-9C5C-7EE9633D6C91}.Debug|Any CPU.ActiveCfg = Debug|Any CPU
		{7B20AF1F-CC88-4860-9C5C-7EE9633D6C91}.Debug|Any CPU.Build.0 = Debug|Any CPU
		{7B20AF1F-CC88-4860-9C5C-7EE9633D6C91}.Release|Any CPU.ActiveCfg = Release|Any CPU
		{7B20AF1F-CC88-4860-9C5C-7EE9633D6C91}.Release|Any CPU.Build.0 = Release|Any CPU
		{91FA489B-2E47-4E41-AB9B-9BF020BFCB72}.Debug|Any CPU.ActiveCfg = Debug|Any CPU
		{91FA489B-2E47-4E41-AB9B-9BF020BFCB72}.Debug|Any CPU.Build.0 = Debug|Any CPU
		{91FA489B-2E47-4E41-AB9B-9BF020BFCB72}.Release|Any CPU.ActiveCfg = Release|Any CPU
		{91FA489B-2E47-4E41-AB9B-9BF020BFCB72}.Release|Any CPU.Build.0 = Release|Any CPU
		{B8A2C186-6F3D-4260-AA17-9D7EBD1354AF}.Debug|Any CPU.ActiveCfg = Debug|Any CPU
		{B8A2C186-6F3D-4260-AA17-9D7EBD1354AF}.Debug|Any CPU.Build.0 = Debug|Any CPU
		{B8A2C186-6F3D-4260-AA17-9D7EBD1354AF}.Release|Any CPU.ActiveCfg = Release|Any CPU
		{B8A2C186-6F3D-4260-AA17-9D7EBD1354AF}.Release|Any CPU.Build.0 = Release|Any CPU
		{014C4602-AF2C-43BC-A9EF-2C3E8565F556}.Debug|Any CPU.ActiveCfg = Debug|Any CPU
		{014C4602-AF2C-43BC-A9EF-2C3E8565F556}.Debug|Any CPU.Build.0 = Debug|Any CPU
		{014C4602-AF2C-43BC-A9EF-2C3E8565F556}.Release|Any CPU.ActiveCfg = Release|Any CPU
		{014C4602-AF2C-43BC-A9EF-2C3E8565F556}.Release|Any CPU.Build.0 = Release|Any CPU
		{59BC30B0-82A3-48B2-9A62-6558664E1D57}.Debug|Any CPU.ActiveCfg = Debug|Any CPU
		{59BC30B0-82A3-48B2-9A62-6558664E1D57}.Debug|Any CPU.Build.0 = Debug|Any CPU
		{59BC30B0-82A3-48B2-9A62-6558664E1D57}.Release|Any CPU.ActiveCfg = Release|Any CPU
		{59BC30B0-82A3-48B2-9A62-6558664E1D57}.Release|Any CPU.Build.0 = Release|Any CPU
		{728DD963-1AD9-4A77-826C-A7CE67075D57}.Debug|Any CPU.ActiveCfg = Debug|Any CPU
		{728DD963-1AD9-4A77-826C-A7CE67075D57}.Debug|Any CPU.Build.0 = Debug|Any CPU
		{728DD963-1AD9-4A77-826C-A7CE67075D57}.Release|Any CPU.ActiveCfg = Release|Any CPU
		{728DD963-1AD9-4A77-826C-A7CE67075D57}.Release|Any CPU.Build.0 = Release|Any CPU
		{E3F0EFD4-4E64-470B-AE6C-F4C4C7ED2BE3}.Debug|Any CPU.ActiveCfg = Debug|Any CPU
		{E3F0EFD4-4E64-470B-AE6C-F4C4C7ED2BE3}.Debug|Any CPU.Build.0 = Debug|Any CPU
		{E3F0EFD4-4E64-470B-AE6C-F4C4C7ED2BE3}.Release|Any CPU.ActiveCfg = Release|Any CPU
		{E3F0EFD4-4E64-470B-AE6C-F4C4C7ED2BE3}.Release|Any CPU.Build.0 = Release|Any CPU
		{EE4ACFA0-5FD3-4CA1-BF99-B652BC44F6B5}.Debug|Any CPU.ActiveCfg = Debug|Any CPU
		{EE4ACFA0-5FD3-4CA1-BF99-B652BC44F6B5}.Debug|Any CPU.Build.0 = Debug|Any CPU
		{EE4ACFA0-5FD3-4CA1-BF99-B652BC44F6B5}.Release|Any CPU.ActiveCfg = Release|Any CPU
		{EE4ACFA0-5FD3-4CA1-BF99-B652BC44F6B5}.Release|Any CPU.Build.0 = Release|Any CPU
		{3C0A3A66-84B8-4FBD-B0B4-631156E47453}.Debug|Any CPU.ActiveCfg = Debug|Any CPU
		{3C0A3A66-84B8-4FBD-B0B4-631156E47453}.Debug|Any CPU.Build.0 = Debug|Any CPU
		{3C0A3A66-84B8-4FBD-B0B4-631156E47453}.Release|Any CPU.ActiveCfg = Release|Any CPU
		{3C0A3A66-84B8-4FBD-B0B4-631156E47453}.Release|Any CPU.Build.0 = Release|Any CPU
		{A108F9A2-BCAF-41E8-AB37-EA732213878E}.Debug|Any CPU.ActiveCfg = Debug|Any CPU
		{A108F9A2-BCAF-41E8-AB37-EA732213878E}.Debug|Any CPU.Build.0 = Debug|Any CPU
		{A108F9A2-BCAF-41E8-AB37-EA732213878E}.Release|Any CPU.ActiveCfg = Release|Any CPU
		{A108F9A2-BCAF-41E8-AB37-EA732213878E}.Release|Any CPU.Build.0 = Release|Any CPU
		{D0738D7A-FA18-42FB-8804-004047D3185F}.Debug|Any CPU.ActiveCfg = Debug|Any CPU
		{D0738D7A-FA18-42FB-8804-004047D3185F}.Debug|Any CPU.Build.0 = Debug|Any CPU
		{D0738D7A-FA18-42FB-8804-004047D3185F}.Release|Any CPU.ActiveCfg = Release|Any CPU
		{D0738D7A-FA18-42FB-8804-004047D3185F}.Release|Any CPU.Build.0 = Release|Any CPU
		{D18B0781-1230-4A0B-B856-152D3296458B}.Debug|Any CPU.ActiveCfg = Debug|Any CPU
		{D18B0781-1230-4A0B-B856-152D3296458B}.Debug|Any CPU.Build.0 = Debug|Any CPU
		{D18B0781-1230-4A0B-B856-152D3296458B}.Release|Any CPU.ActiveCfg = Release|Any CPU
		{D18B0781-1230-4A0B-B856-152D3296458B}.Release|Any CPU.Build.0 = Release|Any CPU
		{0046666C-F576-4E97-9585-950E8A039B55}.Debug|Any CPU.ActiveCfg = Debug|Any CPU
		{0046666C-F576-4E97-9585-950E8A039B55}.Debug|Any CPU.Build.0 = Debug|Any CPU
		{0046666C-F576-4E97-9585-950E8A039B55}.Release|Any CPU.ActiveCfg = Release|Any CPU
		{0046666C-F576-4E97-9585-950E8A039B55}.Release|Any CPU.Build.0 = Release|Any CPU
		{03CC15C2-A389-4618-AFC5-BEE81F9FE7AE}.Debug|Any CPU.ActiveCfg = Debug|Any CPU
		{03CC15C2-A389-4618-AFC5-BEE81F9FE7AE}.Debug|Any CPU.Build.0 = Debug|Any CPU
		{03CC15C2-A389-4618-AFC5-BEE81F9FE7AE}.Release|Any CPU.ActiveCfg = Release|Any CPU
		{03CC15C2-A389-4618-AFC5-BEE81F9FE7AE}.Release|Any CPU.Build.0 = Release|Any CPU
		{81B27C27-6ABA-44C5-B4BD-D12C30395D27}.Debug|Any CPU.ActiveCfg = Debug|Any CPU
		{81B27C27-6ABA-44C5-B4BD-D12C30395D27}.Debug|Any CPU.Build.0 = Debug|Any CPU
		{81B27C27-6ABA-44C5-B4BD-D12C30395D27}.Release|Any CPU.ActiveCfg = Release|Any CPU
		{81B27C27-6ABA-44C5-B4BD-D12C30395D27}.Release|Any CPU.Build.0 = Release|Any CPU
		{FDB2E2D5-0998-462D-80E0-20C41E44450D}.Debug|Any CPU.ActiveCfg = Debug|Any CPU
		{FDB2E2D5-0998-462D-80E0-20C41E44450D}.Debug|Any CPU.Build.0 = Debug|Any CPU
		{FDB2E2D5-0998-462D-80E0-20C41E44450D}.Release|Any CPU.ActiveCfg = Release|Any CPU
		{FDB2E2D5-0998-462D-80E0-20C41E44450D}.Release|Any CPU.Build.0 = Release|Any CPU
	EndGlobalSection
	GlobalSection(SolutionProperties) = preSolution
		HideSolutionNode = FALSE
	EndGlobalSection
	GlobalSection(NestedProjects) = preSolution
		{4CB4EE9C-5D05-4CE2-A516-676C06962D2E} = {E8826594-4347-475E-964C-060BFCDD7D99}
		{E37C09CC-163D-4CEC-BDEF-5615BCE7BD17} = {E8826594-4347-475E-964C-060BFCDD7D99}
		{94D3F7AD-3895-4F1E-9014-F63FCE180F67} = {E8826594-4347-475E-964C-060BFCDD7D99}
		{40A9BE1A-2D95-499F-8D9B-9521523379CD} = {CB166086-BBF5-4ED2-A516-3ADD9968BF15}
		{FE5F59A2-9999-4C33-A9A3-60FF708A79F9} = {CB166086-BBF5-4ED2-A516-3ADD9968BF15}
		{7B20AF1F-CC88-4860-9C5C-7EE9633D6C91} = {CB166086-BBF5-4ED2-A516-3ADD9968BF15}
		{91FA489B-2E47-4E41-AB9B-9BF020BFCB72} = {E661A3D6-0216-4094-828B-5CF94218C8EA}
		{B8A2C186-6F3D-4260-AA17-9D7EBD1354AF} = {E661A3D6-0216-4094-828B-5CF94218C8EA}
		{014C4602-AF2C-43BC-A9EF-2C3E8565F556} = {E661A3D6-0216-4094-828B-5CF94218C8EA}
		{59BC30B0-82A3-48B2-9A62-6558664E1D57} = {3AB0AED5-0ED5-42C2-869A-3808467E1880}
		{728DD963-1AD9-4A77-826C-A7CE67075D57} = {3AB0AED5-0ED5-42C2-869A-3808467E1880}
		{E3F0EFD4-4E64-470B-AE6C-F4C4C7ED2BE3} = {3AB0AED5-0ED5-42C2-869A-3808467E1880}
		{EE4ACFA0-5FD3-4CA1-BF99-B652BC44F6B5} = {8F694089-EC1E-4431-A796-E1296E858A8D}
		{3C0A3A66-84B8-4FBD-B0B4-631156E47453} = {8F694089-EC1E-4431-A796-E1296E858A8D}
		{A108F9A2-BCAF-41E8-AB37-EA732213878E} = {8F694089-EC1E-4431-A796-E1296E858A8D}
		{D0738D7A-FA18-42FB-8804-004047D3185F} = {D69A3A3F-A07F-4226-AA9E-CDFF5E3B28E5}
		{D18B0781-1230-4A0B-B856-152D3296458B} = {D69A3A3F-A07F-4226-AA9E-CDFF5E3B28E5}
		{0046666C-F576-4E97-9585-950E8A039B55} = {D69A3A3F-A07F-4226-AA9E-CDFF5E3B28E5}
		{03CC15C2-A389-4618-AFC5-BEE81F9FE7AE} = {C9F07ECC-0B41-4FA3-A29E-BBC38604C4F1}
		{81B27C27-6ABA-44C5-B4BD-D12C30395D27} = {C9F07ECC-0B41-4FA3-A29E-BBC38604C4F1}
		{FDB2E2D5-0998-462D-80E0-20C41E44450D} = {C9F07ECC-0B41-4FA3-A29E-BBC38604C4F1}
	EndGlobalSection
	GlobalSection(ExtensibilityGlobals) = postSolution
		SolutionGuid = {C64F9010-106F-49E6-A864-0DC9ECCED410}
	EndGlobalSection
EndGlobal
