
Microsoft Visual Studio Solution File, Format Version 12.00
# Visual Studio Version 16
VisualStudioVersion = 16.0.34031.81
MinimumVisualStudioVersion = 10.0.40219.1
Project("{2150E333-8FDC-42A3-9474-1A3956D46DE8}") = "Task0", "Task0", "{E8826594-4347-475E-964C-060BFCDD7D99}"
EndProject
Project("{FAE04EC0-301F-11D3-BF4B-00C04F79EFBC}") = "Tyuiu.SolievAH.Sprint5.Task0.V4", "Tyuiu.SolievAH.Sprint5.Task0.V4\Tyuiu.SolievAH.Sprint5.Task0.V4.csproj", "{4CB4EE9C-5D05-4CE2-A516-676C06962D2E}"
EndProject
Project("{FAE04EC0-301F-11D3-BF4B-00C04F79EFBC}") = "Tyuiu.SolievAH.Sprint5.Task0.V4.Lib", "Tyuiu.SolievAH.Sprint5.Task0.V4.Lib\Tyuiu.SolievAH.Sprint5.Task0.V4.Lib.csproj", "{E37C09CC-163D-4CEC-BDEF-5615BCE7BD17}"
EndProject
Project("{FAE04EC0-301F-11D3-BF4B-00C04F79EFBC}") = "Tyuiu.SolievAH.Sprint5.Task0.V4.Test", "Tyuiu.SolievAH.Sprint5.Task0.V4.Test\Tyuiu.SolievAH.Sprint5.Task0.V4.Test.csproj", "{94D3F7AD-3895-4F1E-9014-F63FCE180F67}"
EndProject
Global
	GlobalSection(SolutionConfigurationPlatforms) = preSolution
		Debug|Any CPU = Debug|Any CPU
		Release|Any CPU = Release|Any CPU
	EndGlobalSection
	GlobalSection(ProjectConfigurationPlatforms) = postSolution
		{4CB4EE9C-5D05-4CE2-A516-676C06962D2E}.Debug|Any CPU.ActiveCfg = Debug|Any CPU
		{4CB4EE9C-5D05-4CE2-A516-676C06962D2E}.Debug|Any CPU.Build.0 = Debug|Any CPU
		{4CB4EE9C-5D05-4CE2-A516-676C06962D2E}.Release|Any CPU.ActiveCfg = Release|Any CPU
		{4CB4EE9C-5D05-4CE2-A516-676C06962D2E}.Release|Any CPU.Build.0 = Release|Any CPU
		{E37C09CC-163D-4CEC-BDEF-5615BCE7BD17}.Debug|Any CPU.ActiveCfg = Debug|Any CPU
		{E37C09CC-163D-4CEC-BDEF-5615BCE7BD17}.Debug|Any CPU.Build.0 = Debug|Any CPU
		{E37C09CC-163D-4CEC-BDEF-5615BCE7BD17}.Release|Any CPU.ActiveCfg = Release|Any CPU
		{E37C09CC-163D-4CEC-BDEF-5615BCE7BD17}.Release|Any CPU.Build.0 = Release|Any CPU
		{94D3F7AD-3895-4F1E-9014-F63FCE180F67}.Debug|Any CPU.ActiveCfg = Debug|Any CPU
		{94D3F7AD-3895-4F1E-9014-F63FCE180F67}.Debug|Any CPU.Build.0 = Debug|Any CPU
		{94D3F7AD-3895-4F1E-9014-F63FCE180F67}.Release|Any CPU.ActiveCfg = Release|Any CPU
		{94D3F7AD-3895-4F1E-9014-F63FCE180F67}.Release|Any CPU.Build.0 = Release|Any CPU
	EndGlobalSection
	GlobalSection(SolutionProperties) = preSolution
		HideSolutionNode = FALSE
	EndGlobalSection
	GlobalSection(NestedProjects) = preSolution
		{4CB4EE9C-5D05-4CE2-A516-676C06962D2E} = {E8826594-4347-475E-964C-060BFCDD7D99}
		{E37C09CC-163D-4CEC-BDEF-5615BCE7BD17} = {E8826594-4347-475E-964C-060BFCDD7D99}
		{94D3F7AD-3895-4F1E-9014-F63FCE180F67} = {E8826594-4347-475E-964C-060BFCDD7D99}
	EndGlobalSection
	GlobalSection(ExtensibilityGlobals) = postSolution
		SolutionGuid = {C64F9010-106F-49E6-A864-0DC9ECCED410}
	EndGlobalSection
EndGlobal
